
Microsoft Visual Studio Solution File, Format Version 12.00
# Visual Studio Version 17
VisualStudioVersion = 17.8.34309.116
MinimumVisualStudioVersion = 10.0.40219.1
Project("{FAE04EC0-301F-11D3-BF4B-00C04F79EFBC}") = "AngularAuthAPI", "AngularAuthAPI\AngularAuthAPI.csproj", "{546FDDBB-1443-48EF-B488-9D185EBD0B9C}"
EndProject
Global
	GlobalSection(SolutionConfigurationPlatforms) = preSolution
		Debug|Any CPU = Debug|Any CPU
		Release|Any CPU = Release|Any CPU
	EndGlobalSection
	GlobalSection(ProjectConfigurationPlatforms) = postSolution
		{546FDDBB-1443-48EF-B488-9D185EBD0B9C}.Debug|Any CPU.ActiveCfg = Debug|Any CPU
		{546FDDBB-1443-48EF-B488-9D185EBD0B9C}.Debug|Any CPU.Build.0 = Debug|Any CPU
		{546FDDBB-1443-48EF-B488-9D185EBD0B9C}.Release|Any CPU.ActiveCfg = Release|Any CPU
		{546FDDBB-1443-48EF-B488-9D185EBD0B9C}.Release|Any CPU.Build.0 = Release|Any CPU
	EndGlobalSection
	GlobalSection(SolutionProperties) = preSolution
		HideSolutionNode = FALSE
	EndGlobalSection
	GlobalSection(ExtensibilityGlobals) = postSolution
		SolutionGuid = {2D2D8005-9C79-4482-AF72-1AD45C3C841C}
	EndGlobalSection
EndGlobal
